
Microsoft Visual Studio Solution File, Format Version 12.00
# Visual Studio Version 17
VisualStudioVersion = 17.5.002.0
MinimumVisualStudioVersion = 10.0.40219.1
Project("{9A19103F-16F7-4668-BE54-9A1E7A4F7556}") = "homeWork2", "homeWork2.csproj", "{5B308D6E-4083-4701-A70B-AF310E6B2ABE}"
EndProject
Global
	GlobalSection(SolutionConfigurationPlatforms) = preSolution
		Debug|Any CPU = Debug|Any CPU
		Release|Any CPU = Release|Any CPU
	EndGlobalSection
	GlobalSection(ProjectConfigurationPlatforms) = postSolution
		{5B308D6E-4083-4701-A70B-AF310E6B2ABE}.Debug|Any CPU.ActiveCfg = Debug|Any CPU
		{5B308D6E-4083-4701-A70B-AF310E6B2ABE}.Debug|Any CPU.Build.0 = Debug|Any CPU
		{5B308D6E-4083-4701-A70B-AF310E6B2ABE}.Release|Any CPU.ActiveCfg = Release|Any CPU
		{5B308D6E-4083-4701-A70B-AF310E6B2ABE}.Release|Any CPU.Build.0 = Release|Any CPU
	EndGlobalSection
	GlobalSection(SolutionProperties) = preSolution
		HideSolutionNode = FALSE
	EndGlobalSection
	GlobalSection(ExtensibilityGlobals) = postSolution
		SolutionGuid = {6D7AAF01-85B4-4269-9869-CC5C9044BCF1}
	EndGlobalSection
EndGlobal
